
Microsoft Visual Studio Solution File, Format Version 12.00
# Visual Studio Version 16
VisualStudioVersion = 16.0.31205.134
MinimumVisualStudioVersion = 10.0.40219.1
Project("{FAE04EC0-301F-11D3-BF4B-00C04F79EFBC}") = "RabbitMQ Test", "RabbitMQ Test.csproj", "{9476CA7F-FA91-46E4-9FD8-AF683B9B1E0B}"
EndProject
Project("{FAE04EC0-301F-11D3-BF4B-00C04F79EFBC}") = "RabbitMQ Server", "..\RabbitMQ Server\RabbitMQ Server.csproj", "{1847C4E8-7C32-4008-AE92-FAF3FF8AA56D}"
EndProject
Global
	GlobalSection(SolutionConfigurationPlatforms) = preSolution
		Debug|Any CPU = Debug|Any CPU
		Release|Any CPU = Release|Any CPU
	EndGlobalSection
	GlobalSection(ProjectConfigurationPlatforms) = postSolution
		{9476CA7F-FA91-46E4-9FD8-AF683B9B1E0B}.Debug|Any CPU.ActiveCfg = Debug|Any CPU
		{9476CA7F-FA91-46E4-9FD8-AF683B9B1E0B}.Debug|Any CPU.Build.0 = Debug|Any CPU
		{9476CA7F-FA91-46E4-9FD8-AF683B9B1E0B}.Release|Any CPU.ActiveCfg = Release|Any CPU
		{9476CA7F-FA91-46E4-9FD8-AF683B9B1E0B}.Release|Any CPU.Build.0 = Release|Any CPU
		{1847C4E8-7C32-4008-AE92-FAF3FF8AA56D}.Debug|Any CPU.ActiveCfg = Debug|Any CPU
		{1847C4E8-7C32-4008-AE92-FAF3FF8AA56D}.Debug|Any CPU.Build.0 = Debug|Any CPU
		{1847C4E8-7C32-4008-AE92-FAF3FF8AA56D}.Release|Any CPU.ActiveCfg = Release|Any CPU
		{1847C4E8-7C32-4008-AE92-FAF3FF8AA56D}.Release|Any CPU.Build.0 = Release|Any CPU
	EndGlobalSection
	GlobalSection(SolutionProperties) = preSolution
		HideSolutionNode = FALSE
	EndGlobalSection
	GlobalSection(ExtensibilityGlobals) = postSolution
		SolutionGuid = {1D036EDF-92CD-41EC-ABCB-3094978CA012}
	EndGlobalSection
EndGlobal
